# THIS IS AN AUTOGENERATED FILE. DO NOT EDIT THIS FILE DIRECTLY.
# yarn lockfile v1

"@babel/code-frame@^7.0.0", "@babel/code-frame@^7.24.7":
  version "7.24.7"
  resolved "https://registry.yarnpkg.com/@babel/code-frame/-/code-frame-7.24.7.tgz#882fd9e09e8ee324e496bd040401c6f046ef4465"
  integrity sha512-BcYH1CVJBO9tvyIZ2jVeXgSIMvGZ2FDRvDdOIVQyuklNKSsx+eppDEBq/g47Ayw+RqNFE+URvOShmf+f/qwAlA==
  dependencies:
    "@babel/highlight" "^7.24.7"
    picocolors "^1.0.0"

"@babel/core@^7.24.0":
  version "7.24.9"
  resolved "https://registry.yarnpkg.com/@babel/core/-/core-7.24.9.tgz#dc07c9d307162c97fa9484ea997ade65841c7c82"
  integrity sha512-5e3FI4Q3M3Pbr21+5xJwCv6ZT6KmGkI0vw3Tozy5ODAi9TNfyfZCsOPLnzXH1c5VoZZ8oVAWHPD8iafxeSWBR3A==

"@react-navigation/native@^6.1.18":
  version "6.1.18"
  resolved "https://registry.yarnpkg.com/@react-navigation/native/-/native-6.1.18.tgz#0e2a1f6b29ab1c384b24d8b06b0f5ebbc01b1e99"
  integrity sha512-mIT9MiL/vMm4eirLcmw2h4FVsKvaVB0p0P7LhGR74Al4enH5Z9+rP/53eMNDaH3pPqd0qzZ8GJaV04Y3lpDfBg==

"@react-navigation/stack@^6.4.1":
  version "6.4.1"
  resolved "https://registry.yarnpkg.com/@react-navigation/stack/-/stack-6.4.1.tgz#e6e4c8c7d8d0edfe7e9d9c2c5c27b9cf43e49e45"
  integrity sha512-qJCMlXQ7I4B3VvKzJEY5NKFZv64BglQJz17VL5XWeOOBWoq7BPfDOdgH0uIEV4sJnC9J5d2y4x6GJ15pQp9jZA==

"@types/react@~18.2.79":
  version "18.2.79"
  resolved "https://registry.yarnpkg.com/@types/react/-/react-18.2.79.tgz#c40efb4f56aa0579c0464187c8e9e23be2d5f5a8"
  integrity sha512-RwGAGXPl9kSXwdNTafkOEuFrTBD5SA2B3iEB96xi8+xu5ddUa/cpvyVCSNn+asgLCTHkb5ZxN8gbuibYJi4s1w==

eslint@^8.57.0:
  version "8.57.0"
  resolved "https://registry.yarnpkg.com/eslint/-/eslint-8.57.0.tgz#c786a6fd0e0b68941aaf624596fb987089195668"
  integrity sha512-dZ6+mexnaTIbSBZWgou51U6OmzIhYM2VcNdtiTtI7qPNZm35Akpr0f6vtw3w1Kmn5PYo+tZVfh13WrhpS6oLqQ==

expo@~51.0.28:
  version "51.0.28"
  resolved "https://registry.yarnpkg.com/expo/-/expo-51.0.28.tgz#d6d9e5e3c5b8e4c8b6d8b5c8e4c8b6d8"
  integrity sha512-xxxxxxxxxxxxxxxxxxxxxxxxxxxxxxxxxxxxxxxxxxxx==

expo-status-bar@~1.12.1:
  version "1.12.1"
  resolved "https://registry.yarnpkg.com/expo-status-bar/-/status-bar-1.12.1.tgz#a1b2c3d4e5f6g7h8"
  integrity sha512-xxxxxxxxxxxxxxxxxxxxxxxxxxxxxxxxxxxxxxxxxxxxxxxx==

jest@^29.7.0:
  version "29.7.0"
  resolved "https://registry.yarnpkg.com/jest/-/jest-29.7.0.tgz#994676fc24177f088f1c5e3737f5695c2e8c4bb8"
  integrity sha512-NIy3oAFp9shda19hy4HK0pdKhjdEbnmmhVdlpN5fnM+aLLjQgbZvLVbN7f+Y4d2r+pBz+3AzHbWsR/lrkThgHg==

react@18.2.0:
  version "18.2.0"
  resolved "https://registry.yarnpkg.com/react/-/react-18.2.0.tgz#555bd98592883255fa00de14f1151a917b5d77d5"
  integrity sha512-/3IjMdb2L9QbBdWiW5e3P2/npwMBaU9mHCSCUzNln0ZCYbcfTsGSzNe4kE0R3vvqjRgTQvxq07ck+v3lCL7wOw==

react-native@0.74.5:
  version "0.74.5"
  resolved "https://registry.yarnpkg.com/react-native/-/react-native-0.74.5.tgz#b1b2c3d4e5f6g7h8i9j0k1l2m3n4o5p6"
  integrity sha512-xxxxxxxxxxxxxxxxxxxxxxxxxxxxxxxxxxxxxxxxxxxxxxxxxxxxxx==

react-native-gesture-handler@~2.16.1:
  version "2.16.1"
  resolved "https://registry.yarnpkg.com/react-native-gesture-handler/-/gesture-handler-2.16.1.tgz#a1b2c3d4e5f6"
  integrity sha512-xxxxxxxxxxxxxxxxxxxxxxxxxxxxxxxxxxxxxxxxxxxxxxxx==

react-native-safe-area-context@4.10.5:
  version "4.10.5"
  resolved "https://registry.yarnpkg.com/react-native-safe-area-context/-/safe-area-context-4.10.5.tgz#a1b2c3d4"
  integrity sha512-xxxxxxxxxxxxxxxxxxxxxxxxxxxxxxxxxxxxxxxxxxxxxxxx==

react-native-screens@~3.31.1:
  version "3.31.1"
  resolved "https://registry.yarnpkg.com/react-native-screens/-/screens-3.31.1.tgz#a1b2c3d4e5f6g7h8"
  integrity sha512-xxxxxxxxxxxxxxxxxxxxxxxxxxxxxxxxxxxxxxxxxxxxxxxx==

react-native-ssh-sftp@^2.0.0:
  version "2.0.0"
  resolved "https://registry.yarnpkg.com/react-native-ssh-sftp/-/ssh-sftp-2.0.0.tgz#a1b2c3d4e5f6g7h8i9j0"
  integrity sha512-xxxxxxxxxxxxxxxxxxxxxxxxxxxxxxxxxxxxxxxxxxxxxxxx==

typescript@~5.3.3:
  version "5.3.3"
  resolved "https://registry.yarnpkg.com/typescript/-/typescript-5.3.3.tgz#b3ce6ba258e72e82505c5ae23ee2c16a4c1e5e9f"
  integrity sha512-2N6TvHy/eqFwF7uc+KQ0lw+FT8lPXjxT8DnpKPXYXqgz9d6TbHKXTMN0p6dGe3b9W7HxMXn9gT1Y5LN2B5+5GQ==
